
Microsoft Visual Studio Solution File, Format Version 12.00
# Visual Studio 2012
Project("{2150E333-8FDC-42A3-9474-1A3956D46DE8}") = ".nuget", ".nuget", "{FF03DC67-A642-405C-A89B-1818BF63E57A}"
	ProjectSection(SolutionItems) = preProject
		.nuget\NuGet.Config = .nuget\NuGet.Config
		.nuget\NuGet.exe = .nuget\NuGet.exe
		.nuget\NuGet.targets = .nuget\NuGet.targets
		Readme.md = Readme.md
	EndProjectSection
EndProject
Project("{FAE04EC0-301F-11D3-BF4B-00C04F79EFBC}") = "HelloOwin", "src\HelloOwin\HelloOwin.csproj", "{8D7DE50E-BCD2-4A57-8E98-9F7D25C4B519}"
EndProject
Global
	GlobalSection(SolutionConfigurationPlatforms) = preSolution
		Debug|Any CPU = Debug|Any CPU
		Release|Any CPU = Release|Any CPU
	EndGlobalSection
	GlobalSection(ProjectConfigurationPlatforms) = postSolution
		{8D7DE50E-BCD2-4A57-8E98-9F7D25C4B519}.Debug|Any CPU.ActiveCfg = Debug|Any CPU
		{8D7DE50E-BCD2-4A57-8E98-9F7D25C4B519}.Debug|Any CPU.Build.0 = Debug|Any CPU
		{8D7DE50E-BCD2-4A57-8E98-9F7D25C4B519}.Release|Any CPU.ActiveCfg = Release|Any CPU
		{8D7DE50E-BCD2-4A57-8E98-9F7D25C4B519}.Release|Any CPU.Build.0 = Release|Any CPU
	EndGlobalSection
	GlobalSection(SolutionProperties) = preSolution
		HideSolutionNode = FALSE
	EndGlobalSection
EndGlobal
