
Microsoft Visual Studio Solution File, Format Version 12.00
# Visual Studio 2013
VisualStudioVersion = 12.0.20617.1 PREVIEW
MinimumVisualStudioVersion = 10.0.40219.1
Project("{FAE04EC0-301F-11D3-BF4B-00C04F79EFBC}") = "CarsGallery.Authorization", "src\CarsGallery.Authorization\CarsGallery.Authorization.csproj", "{199B838A-5A76-4B76-86FA-F59EE205049F}"
EndProject
Project("{FAE04EC0-301F-11D3-BF4B-00C04F79EFBC}") = "CarsGallery.Clien.Web", "src\CarsGallery.Clien.Web\CarsGallery.Clien.Web.csproj", "{D19095D4-269C-41B5-8954-F5BCE6FF8898}"
EndProject
Project("{2150E333-8FDC-42A3-9474-1A3956D46DE8}") = ".nuget", ".nuget", "{9E5CB9AE-79B5-4C48-9FFB-474FF47BB6C6}"
	ProjectSection(SolutionItems) = preProject
		.nuget\NuGet.Config = .nuget\NuGet.Config
		.nuget\NuGet.exe = .nuget\NuGet.exe
		.nuget\NuGet.targets = .nuget\NuGet.targets
	EndProjectSection
EndProject
Global
	GlobalSection(SolutionConfigurationPlatforms) = preSolution
		Debug|Any CPU = Debug|Any CPU
		Release|Any CPU = Release|Any CPU
	EndGlobalSection
	GlobalSection(ProjectConfigurationPlatforms) = postSolution
		{199B838A-5A76-4B76-86FA-F59EE205049F}.Debug|Any CPU.ActiveCfg = Debug|Any CPU
		{199B838A-5A76-4B76-86FA-F59EE205049F}.Debug|Any CPU.Build.0 = Debug|Any CPU
		{199B838A-5A76-4B76-86FA-F59EE205049F}.Release|Any CPU.ActiveCfg = Release|Any CPU
		{199B838A-5A76-4B76-86FA-F59EE205049F}.Release|Any CPU.Build.0 = Release|Any CPU
		{D19095D4-269C-41B5-8954-F5BCE6FF8898}.Debug|Any CPU.ActiveCfg = Debug|Any CPU
		{D19095D4-269C-41B5-8954-F5BCE6FF8898}.Debug|Any CPU.Build.0 = Debug|Any CPU
		{D19095D4-269C-41B5-8954-F5BCE6FF8898}.Release|Any CPU.ActiveCfg = Release|Any CPU
		{D19095D4-269C-41B5-8954-F5BCE6FF8898}.Release|Any CPU.Build.0 = Release|Any CPU
	EndGlobalSection
	GlobalSection(SolutionProperties) = preSolution
		HideSolutionNode = FALSE
	EndGlobalSection
EndGlobal
